{
  "version": 2,
  "dependencies": {
    "net9.0": {
      "HotChocolate.AspNetCore": {
        "type": "Direct",
        "requested": "[15.1.12, )",
        "resolved": "15.1.12",
        "contentHash": "LPT8T/J7ZihEH/Ts0cs7auzjuQU/XK/DM2iPHy4jQSbK39iO/UMnY958zdWwHvj7hNslNgsZHbMV14f11R7hcA==",
        "dependencies": {
          "ChilliCream.Nitro.App": "28.0.7",
          "HotChocolate": "15.1.12",
          "HotChocolate.Subscriptions.InMemory": "15.1.12",
          "HotChocolate.Transport.Sockets": "15.1.12",
          "HotChocolate.Types.Scalars.Upload": "15.1.12",
          "HotChocolate.Utilities.DependencyInjection": "15.1.12"
        }
      },
      "HotChocolate.AspNetCore.CommandLine": {
        "type": "Direct",
        "requested": "[15.1.12, )",
        "resolved": "15.1.12",
        "contentHash": "Y6BwzPT/iUP7YZElnnxKZAYLc4jWtOWGQt2Zx16AVGALC9OsOKI6w+i2Zb6ZejqcXs3i4sTGAe71xrU1Xk8TGQ==",
        "dependencies": {
          "HotChocolate": "15.1.12",
          "System.CommandLine": "2.0.0-beta4.22272.1"
        }
      },
      "HotChocolate.Fusion": {
        "type": "Direct",
        "requested": "[15.1.12, )",
        "resolved": "15.1.12",
        "contentHash": "nttIllk3YscRuiwusVXod9u9Jbc3QyS4nY+MD1VheZctPZ31Dn+7inkdQJJamiZ+p+0yxlm3Xla5/WP2zNTFFA==",
        "dependencies": {
          "HotChocolate": "15.1.12",
          "HotChocolate.AspNetCore": "15.1.12",
          "HotChocolate.Fusion.Abstractions": "15.1.12",
          "HotChocolate.Transport.Http": "15.1.12",
          "HotChocolate.Transport.Sockets.Client": "15.1.12",
          "Microsoft.Extensions.DependencyInjection.Abstractions": "9.0.2",
          "Microsoft.Extensions.Http": "9.0.2",
          "System.Reactive": "6.0.0"
        }
      },
      "HotChocolate.Types.Analyzers": {
        "type": "Direct",
        "requested": "[15.1.12, )",
        "resolved": "15.1.12",
        "contentHash": "IOI03sang4im6OfUBLurJrq3HO5G/JgzQwi4gJjIJ2G8H3m5XADlC+TNOPlS/iG4gYEN9EjtYj7gDopuH3AdWA=="
      },
      "ChilliCream.Nitro.App": {
        "type": "Transitive",
        "resolved": "28.0.7",
        "contentHash": "G6CZod8ForeoVMXigRyAxTTqiiUYcppE85UY/zy4XLMunpF1Ginn5njWK+F+93bw3x5SssPR/fexEpOtQqkVLw==",
        "dependencies": {
          "Yarp.ReverseProxy": "2.3.0"
        }
      },
      "GreenDonut": {
        "type": "Transitive",
        "resolved": "15.1.12",
        "contentHash": "6klviTecBAW14QGmuPTX26iF/e68s5h6zUym9rcteNMU0m6wvTCMevRMalBcGPfBKlOYYrIPpREBhXc7gdPlNg==",
        "dependencies": {
          "GreenDonut.Abstractions": "15.1.12",
          "Microsoft.Extensions.DependencyInjection.Abstractions": "9.0.2",
          "Microsoft.Extensions.ObjectPool": "9.0.2"
        }
      },
      "GreenDonut.Abstractions": {
        "type": "Transitive",
        "resolved": "15.1.12",
        "contentHash": "T13fuWLJEDxkqboNuqHAqO5ZmpGXdibzBFc1Z8SqGdoDyKxV0ONF0LqWV0rSu75d4GzZnfGTh1/OuY0VuStqgw=="
      },
      "GreenDonut.Data": {
        "type": "Transitive",
        "resolved": "15.1.12",
        "contentHash": "e/e7yh531Tf7w0fcQhdD3han/IqdaxaIQtqEUGFww9GsQGqOTWBYuR0CI3b+tFkrfGZXwlyx/NuTU4dbSWwO9Q==",
        "dependencies": {
          "GreenDonut": "15.1.12",
          "GreenDonut.Data.Abstractions": "15.1.12"
        }
      },
      "GreenDonut.Data.Abstractions": {
        "type": "Transitive",
        "resolved": "15.1.12",
        "contentHash": "pGuda7P3vFJrurI1hvQlb/Bzn9Mn6mcRNig4vU3WmEP++9M7R+G1kCwv5BFA77XGVejVdm3n5o067Qm2EZgNTg==",
        "dependencies": {
          "GreenDonut.Abstractions": "15.1.12",
          "GreenDonut.Data.Primitives": "15.1.12"
        }
      },
      "GreenDonut.Data.Primitives": {
        "type": "Transitive",
        "resolved": "15.1.12",
        "contentHash": "yIsSuSOPORs9hfHybxlvovrY2CLHtFefA9YokP1fpRHSHqKSyDM0Px3af76iWsYrvBbFi8M7Zmn7eIahv6RO6Q=="
      },
      "HotChocolate": {
        "type": "Transitive",
        "resolved": "15.1.12",
        "contentHash": "S3o8ssMln0NkoPLfa9vt+uPjg1S4+ujREiKnN2sbwv/TawmxCx4AKPRT35d/sdyX4JlAKcBwR8su5LbY3+VG9g==",
        "dependencies": {
          "HotChocolate.Authorization": "15.1.12",
          "HotChocolate.CostAnalysis": "15.1.12",
          "HotChocolate.Execution": "15.1.12",
          "HotChocolate.Execution.Projections": "15.1.12",
          "HotChocolate.Fetching": "15.1.12",
          "HotChocolate.Types": "15.1.12",
          "HotChocolate.Types.CursorPagination": "15.1.12",
          "HotChocolate.Types.CursorPagination.Extensions": "15.1.12",
          "HotChocolate.Types.Mutations": "15.1.12",
          "HotChocolate.Types.Queries": "15.1.12",
          "HotChocolate.Validation": "15.1.12"
        }
      },
      "HotChocolate.Abstractions": {
        "type": "Transitive",
        "resolved": "15.1.12",
        "contentHash": "h7Q67e7Wg4NWGHkuy1IRBJ8GBSFbIEkURg5muhq1kaqs7wE5OPvDWS6GV78eP9TyczJ05sdVyNJVLzlXT9RKkw==",
        "dependencies": {
          "HotChocolate.Primitives": "15.1.12"
        }
      },
      "HotChocolate.Authorization": {
        "type": "Transitive",
        "resolved": "15.1.12",
        "contentHash": "VGdbkeByi0qak+8fNBlFe2FTSoPCUgQ7l1NsbBBmVPvq1c2JGY9y/ZrZhJKRiWJMi+cxh34udkXaXnPLfz4LXw==",
        "dependencies": {
          "HotChocolate.Execution": "15.1.12"
        }
      },
      "HotChocolate.CostAnalysis": {
        "type": "Transitive",
        "resolved": "15.1.12",
        "contentHash": "jcKiyNpo7YIPhHubJtSaS1nEtvl+9dozxa1mDiS4iwCL4UpHR/zG1JKK6qeyvcEOCkF4DGcln/6cHRmLemQNAg==",
        "dependencies": {
          "HotChocolate.Execution": "15.1.12",
          "HotChocolate.Types": "15.1.12"
        }
      },
      "HotChocolate.Execution.Abstractions": {
        "type": "Transitive",
        "resolved": "15.1.12",
        "contentHash": "3YURY8BTqC23Md4Qk5BGxdcltv1cQNJQS4XlmkMsiFEIvzQEWX7Wn3QJGfuIznXSwyLPZg+zLiCJBFJvImMe1Q==",
        "dependencies": {
          "HotChocolate.Abstractions": "15.1.12",
          "Microsoft.Extensions.DependencyInjection.Abstractions": "9.0.2"
        }
      },
      "HotChocolate.Execution.Projections": {
        "type": "Transitive",
        "resolved": "15.1.12",
        "contentHash": "jjGpm439L12J7FDYlv++R3Ew6WLbh2ZVexNtoasdh4UEK+UWhOw0RsEuX91FYfFu644LkEVu3SMDU49fwBzKxA==",
        "dependencies": {
          "GreenDonut.Data": "15.1.12",
          "GreenDonut.Data.Abstractions": "15.1.12",
          "GreenDonut.Data.Primitives": "15.1.12",
          "HotChocolate.Execution": "15.1.12"
        }
      },
      "HotChocolate.Features": {
        "type": "Transitive",
        "resolved": "15.1.12",
        "contentHash": "loCdqi+Fw0B9jaTaXdLRyyD+VQQlZ8Ia7B6kwyobQfS++f5/IOFfO1tPZc3KHNL9TESECzW7s78zP5jCNrScIg=="
      },
      "HotChocolate.Fetching": {
        "type": "Transitive",
        "resolved": "15.1.12",
        "contentHash": "tWgsHl5GRZhugtf9NoZovXEQ3yjiKgSKvowVcrU4G4lFtg/ZIjwEVd+yA3eh0C7K5zH2oxE3roML7tun6xse8w==",
        "dependencies": {
          "GreenDonut": "15.1.12",
          "HotChocolate.Types": "15.1.12"
        }
      },
      "HotChocolate.Fusion.Abstractions": {
        "type": "Transitive",
        "resolved": "15.1.12",
        "contentHash": "UY62J5u8b/2kL112UuximzhxsYeWCOLfI8SGodgdvgucuJaq5gigjTu6PsZ+D/tOGHWhZmKuiyPLs33BsoL4eQ==",
        "dependencies": {
          "HotChocolate.Language": "15.1.12",
          "HotChocolate.Utilities": "15.1.12",
          "System.IO.Packaging": "9.0.2"
        }
      },
      "HotChocolate.Language": {
        "type": "Transitive",
        "resolved": "15.1.12",
        "contentHash": "BcWoRUEHXqFMuRNCvMNlrmx4cCMfcEaA8RfmLKmGEnzwnJrHjaUeHIRT8/+X/xiuDAaXgXztJ+AYPIJcrxfAPA==",
        "dependencies": {
          "HotChocolate.Language.SyntaxTree": "15.1.12",
          "HotChocolate.Language.Utf8": "15.1.12",
          "HotChocolate.Language.Visitors": "15.1.12",
          "HotChocolate.Language.Web": "15.1.12"
        }
      },
      "HotChocolate.Language.SyntaxTree": {
        "type": "Transitive",
        "resolved": "15.1.12",
        "contentHash": "FRQM0Sk2sy0bK2gjCYcl+oqLL2c9prQM2kxBKCdLKsi1vevGwcqV6zhq+5aNAWhVpfb5kh3j3eh9/Pz+WbDpUA==",
        "dependencies": {
          "Microsoft.Extensions.ObjectPool": "9.0.2"
        }
      },
      "HotChocolate.Language.Utf8": {
        "type": "Transitive",
        "resolved": "15.1.12",
        "contentHash": "URvMy8JLBodY3/N86XUzPfC+AD7s3i6MSDoflnCwPMiFWKDaJ9a0WY63nS7r0xc9e15Pwq7LWN7EYWWG0UyJvg==",
        "dependencies": {
          "HotChocolate.Language.SyntaxTree": "15.1.12"
        }
      },
      "HotChocolate.Language.Visitors": {
        "type": "Transitive",
        "resolved": "15.1.12",
        "contentHash": "klDDEZTTBh+jK4cVtw+LPBXCGi3/Qur6lfipqQxWANOU1tT3nG9FpoHhtZBIn8BK4GcHNvjMjFXcrarfnRC6Aw==",
        "dependencies": {
          "HotChocolate.Language.SyntaxTree": "15.1.12"
        }
      },
      "HotChocolate.Language.Web": {
        "type": "Transitive",
        "resolved": "15.1.12",
        "contentHash": "HnOWueTJ6JQipZe7Qo+OQM42Uui3JgBDi6z/N5fC1uqc9Vj7AN8tA8Nu+ywHgTIGwclEUD00KVMcAOUvr/K9Iw==",
        "dependencies": {
          "HotChocolate.Language.Utf8": "15.1.12"
        }
      },
      "HotChocolate.Primitives": {
        "type": "Transitive",
        "resolved": "15.1.12",
        "contentHash": "9VxhvJzlDiti5LIekVE5ykvcxfuu9SaFjagNVF7JojUfH5105hrZbZRQuZU2PuB2ccJQJiIjUjuRp4/IT9tClg==",
        "dependencies": {
          "HotChocolate.Language": "15.1.12"
        }
      },
      "HotChocolate.Subscriptions": {
        "type": "Transitive",
        "resolved": "15.1.12",
        "contentHash": "Ic27qhkGtUNZO81dIqrHyyTFHSwzFKEgPoUuWUsuxrCQ9NMYjkJiCJ837yVqe4PxUOlWadb+jCKQw6teC97BBQ==",
        "dependencies": {
          "HotChocolate.Abstractions": "15.1.12",
          "HotChocolate.Execution.Abstractions": "15.1.12",
          "HotChocolate.Utilities": "15.1.12"
        }
      },
      "HotChocolate.Subscriptions.InMemory": {
        "type": "Transitive",
        "resolved": "15.1.12",
        "contentHash": "F9c3WEJJ1lozNval9IWVtC//FDiHn7omnP+hBAVuTZjGlY10M2S8VXR7SFOhS/zRxRF9m7BWzzjlX+wzS4MTGg==",
        "dependencies": {
          "HotChocolate.Execution.Abstractions": "15.1.12",
          "HotChocolate.Subscriptions": "15.1.12",
          "Microsoft.Extensions.DependencyInjection.Abstractions": "9.0.2"
        }
      },
      "HotChocolate.Transport.Abstractions": {
        "type": "Transitive",
        "resolved": "15.1.12",
        "contentHash": "+enoRrl0T5S5lybrRVYmmz7k5T+m/q1weB/V6zHYwyFjwhPbTD1ZJ/Yq+vucG2QS0thpCFjmzOkg8WOgPDueaA==",
        "dependencies": {
          "HotChocolate.Language.SyntaxTree": "15.1.12",
          "HotChocolate.Utilities.Buffers": "15.1.12"
        }
      },
      "HotChocolate.Transport.Sockets": {
        "type": "Transitive",
        "resolved": "15.1.12",
        "contentHash": "DHhLOAKIrgUluGliu5pRtzB2bqr0aNqvTWU7CBPOeiO7Ehm9j+7Uf5q53lfcOk2OR4105wYkr26R8819QmQriw==",
        "dependencies": {
          "System.IO.Pipelines": "9.0.2"
        }
      },
      "HotChocolate.Transport.Sockets.Client": {
        "type": "Transitive",
        "resolved": "15.1.12",
        "contentHash": "RkMQp4R5q3uH5WoQJTOgnOHovD4/FtlHBYMa/QnahNKRBevSGqcBXLH33vCUBR3+M3mcAYU2gYJAb5ZpCE1mQA==",
        "dependencies": {
          "HotChocolate.Language.SyntaxTree": "15.1.12",
          "HotChocolate.Transport.Abstractions": "15.1.12",
          "HotChocolate.Transport.Sockets": "15.1.12",
          "HotChocolate.Utilities": "15.1.12"
        }
      },
      "HotChocolate.Types": {
        "type": "Transitive",
        "resolved": "15.1.12",
        "contentHash": "TeCw75MroX9/fEBdG7y16hUUzjCUlgGaaCwEanhCuA3+ztWP0Xcd5Q8l/XCL2M5MF2A11JHb344Oa8ckfbM1ig==",
        "dependencies": {
          "GreenDonut": "15.1.12",
          "HotChocolate.Abstractions": "15.1.12",
          "HotChocolate.Features": "15.1.12",
          "HotChocolate.Types.Shared": "15.1.12",
          "HotChocolate.Utilities": "15.1.12",
          "Microsoft.Extensions.DependencyInjection": "9.0.2",
          "Microsoft.Extensions.ObjectPool": "9.0.2"
        }
      },
      "HotChocolate.Types.CursorPagination": {
        "type": "Transitive",
        "resolved": "15.1.12",
        "contentHash": "O/sSDBm9sX6Hs3DDJ7ct6LhVVLL0OK7hreDckMz2HmDm2FqbBS/mFUB7K/pk58MiAmdSBE3oM18rcrFjV1MdWg==",
        "dependencies": {
          "HotChocolate.Execution.Abstractions": "15.1.12",
          "HotChocolate.Types": "15.1.12"
        }
      },
      "HotChocolate.Types.CursorPagination.Extensions": {
        "type": "Transitive",
        "resolved": "15.1.12",
        "contentHash": "aGKeNMqIX4vH89iQiHZnmZal1DdpHuCtlBaamo2paUmVRVb5TvFN3q+BUfH9MZklBcggSWF+VYSb0rIaVSSa8A==",
        "dependencies": {
          "GreenDonut.Data": "15.1.12",
          "HotChocolate.Types.CursorPagination": "15.1.12"
        }
      },
      "HotChocolate.Types.Errors": {
        "type": "Transitive",
        "resolved": "15.1.12",
        "contentHash": "u/lLfQ3zC6Wj8cmYFLrFeJywYlbYNAjADo9YQt8p1yzwVsHa5egV4L3qZCOjXu8bNratH9Vw22kuYQ8UmNko4A==",
        "dependencies": {
          "HotChocolate.Execution": "15.1.12"
        }
      },
      "HotChocolate.Types.Mutations": {
        "type": "Transitive",
        "resolved": "15.1.12",
        "contentHash": "TTeL9gjSVTfYmWw1cFA3S66Ilpnmx+I22I9ZXpLYnPleuimOTBfZrPZOCJxOTEXC7WzwpmFsEfH1p/o4nDWTaA==",
        "dependencies": {
          "HotChocolate.Execution": "15.1.12",
          "HotChocolate.Types.Errors": "15.1.12"
        }
      },
      "HotChocolate.Types.Queries": {
        "type": "Transitive",
        "resolved": "15.1.12",
        "contentHash": "NIpOh8cWOxBiK6ISxsO8p7bU1Sk94Wtxt8iuhj7UI7nw4eDPM8EVI1eYjOq3skmRkIlkZpIMaGE+8HQn+nupzg==",
        "dependencies": {
          "HotChocolate.Execution": "15.1.12",
          "HotChocolate.Types.Errors": "15.1.12"
        }
      },
      "HotChocolate.Types.Scalars.Upload": {
        "type": "Transitive",
        "resolved": "15.1.12",
        "contentHash": "5IU45vdUBLJukCePsN8ij0EkCY8y/N/3FJA0n1S2dsz2AAHAa7Zo1U1RHEaYwY+OHbDmIntIjAw0wf7QucysiQ==",
        "dependencies": {
          "HotChocolate.Types": "15.1.12"
        }
      },
      "HotChocolate.Types.Shared": {
        "type": "Transitive",
        "resolved": "15.1.12",
        "contentHash": "aF+RDBR7yTktNPqKAlIcQXnd0MCzwZ8G+4zOLOyQKL6EZ0eoNOZZwjz/c8LTdGsQjYddyUPVZvsWLKAq5kws0g==",
        "dependencies": {
          "HotChocolate.Language.SyntaxTree": "15.1.12"
        }
      },
      "HotChocolate.Utilities": {
        "type": "Transitive",
        "resolved": "15.1.12",
        "contentHash": "0QZi1LHSIGit4/q/bwBUwUT3Brn+GUXEmuWOrO7RplHFrRGxJfm0vJmW+aS/S6Lhzw6hKnuBNjDYBz9gHRT2Ug==",
        "dependencies": {
          "Microsoft.Extensions.DependencyInjection.Abstractions": "9.0.2"
        }
      },
      "HotChocolate.Utilities.Buffers": {
        "type": "Transitive",
        "resolved": "15.1.12",
        "contentHash": "ogUkFMXQwI90/gkziVBt3tWklt6orsYGpa7OWBmyYl9PMSe62HTm15WZV+oTTNQf3Ed71h8SwYNnPMqP/YpSxA=="
      },
      "HotChocolate.Utilities.DependencyInjection": {
        "type": "Transitive",
        "resolved": "15.1.12",
        "contentHash": "ZCJOMOg1+JB4GCNy2EduYUBTjHCMa2dG5mK1rrcYMC3ZhmSQxJle+/5lqk3URofks5CHh5Pldh/9rSJo/h6tEw==",
        "dependencies": {
          "Microsoft.Extensions.DependencyInjection": "9.0.2"
        }
      },
      "HotChocolate.Validation": {
        "type": "Transitive",
        "resolved": "15.1.12",
        "contentHash": "TtJDrJMzvdQL35/k3htLEQZBC7UC+PnPs4R1dWHKVxgAuvXtJNJDXo1z1xLvHViM14prKtF6j9Ki6RsKXmeotw==",
        "dependencies": {
          "HotChocolate.Types": "15.1.12",
          "Microsoft.Extensions.DependencyInjection.Abstractions": "9.0.2",
          "Microsoft.Extensions.Options": "9.0.2"
        }
      },
      "Microsoft.Extensions.Configuration": {
        "type": "Transitive",
        "resolved": "9.0.2",
        "contentHash": "EBZW+u96tApIvNtjymXEIS44tH0I/jNwABHo4c33AchWOiDWCq2rL3klpnIo+xGrxoVGJzPDISV6hZ+a9C9SzQ==",
        "dependencies": {
          "Microsoft.Extensions.Configuration.Abstractions": "9.0.2",
          "Microsoft.Extensions.Primitives": "9.0.2"
        }
      },
      "Microsoft.Extensions.Configuration.Abstractions": {
        "type": "Transitive",
        "resolved": "9.0.2",
        "contentHash": "I0O/270E/lUNqbBxlRVjxKOMZyYjP88dpEgQTveml+h2lTzAP4vbawLVwjS9SC7lKaU893bwyyNz0IVJYsm9EA==",
        "dependencies": {
          "Microsoft.Extensions.Primitives": "9.0.2"
        }
      },
      "Microsoft.Extensions.Configuration.Binder": {
        "type": "Transitive",
        "resolved": "9.0.2",
        "contentHash": "krJ04xR0aPXrOf5dkNASg6aJjsdzexvsMRL6UNOUjiTzqBvRr95sJ1owoKEm89bSONQCfZNhHrAFV9ahDqIPIw==",
        "dependencies": {
          "Microsoft.Extensions.Configuration.Abstractions": "9.0.2"
        }
      },
      "Microsoft.Extensions.DependencyInjection": {
        "type": "Transitive",
        "resolved": "9.0.2",
        "contentHash": "ZffbJrskOZ40JTzcTyKwFHS5eACSWp2bUQBBApIgGV+es8RaTD4OxUG7XxFr3RIPLXtYQ1jQzF2DjKB5fZn7Qg==",
        "dependencies": {
          "Microsoft.Extensions.DependencyInjection.Abstractions": "9.0.2"
        }
      },
      "Microsoft.Extensions.DependencyInjection.Abstractions": {
        "type": "Transitive",
        "resolved": "9.0.2",
        "contentHash": "MNe7GSTBf3jQx5vYrXF0NZvn6l7hUKF6J54ENfAgCO8y6xjN1XUmKKWG464LP2ye6QqDiA1dkaWEZBYnhoZzjg=="
      },
      "Microsoft.Extensions.Diagnostics": {
        "type": "Transitive",
        "resolved": "9.0.2",
        "contentHash": "kwFWk6DPaj1Roc0CExRv+TTwjsiERZA730jQIPlwCcS5tMaCAQtaGfwAK0z8CMFpVTiT+MgKXpd/P50qVCuIgg==",
        "dependencies": {
          "Microsoft.Extensions.Configuration": "9.0.2",
          "Microsoft.Extensions.Diagnostics.Abstractions": "9.0.2",
          "Microsoft.Extensions.Options.ConfigurationExtensions": "9.0.2"
        }
      },
      "Microsoft.Extensions.Diagnostics.Abstractions": {
        "type": "Transitive",
        "resolved": "9.0.2",
        "contentHash": "kFwIZEC/37cwKuEm/nXvjF7A/Myz9O7c7P9Csgz6AOiiDE62zdOG5Bu7VkROu1oMYaX0wgijPJ5LqVt6+JKjVg==",
        "dependencies": {
          "Microsoft.Extensions.DependencyInjection.Abstractions": "9.0.2",
          "Microsoft.Extensions.Options": "9.0.2"
        }
      },
      "Microsoft.Extensions.Http": {
        "type": "Transitive",
        "resolved": "9.0.2",
        "contentHash": "34+kcwxPZr3Owk9eZx268+gqGNB8G/8Y96gZHomxam0IOH08FhPBjPrLWDtKdVn4+sVUUJnJMpECSTJi4XXCcg==",
        "dependencies": {
          "Microsoft.Extensions.Configuration.Abstractions": "9.0.2",
          "Microsoft.Extensions.DependencyInjection.Abstractions": "9.0.2",
          "Microsoft.Extensions.Diagnostics": "9.0.2",
          "Microsoft.Extensions.Logging": "9.0.2",
          "Microsoft.Extensions.Logging.Abstractions": "9.0.2",
          "Microsoft.Extensions.Options": "9.0.2"
        }
      },
      "Microsoft.Extensions.Logging": {
        "type": "Transitive",
        "resolved": "9.0.2",
        "contentHash": "loV/0UNpt2bD+6kCDzFALVE63CDtqzPeC0LAetkdhiEr/tTNbvOlQ7CBResH7BQBd3cikrwiBfaHdyHMFUlc2g==",
        "dependencies": {
          "Microsoft.Extensions.DependencyInjection": "9.0.2",
          "Microsoft.Extensions.Logging.Abstractions": "9.0.2",
          "Microsoft.Extensions.Options": "9.0.2"
        }
      },
      "Microsoft.Extensions.Logging.Abstractions": {
        "type": "Transitive",
        "resolved": "9.0.2",
        "contentHash": "dV9s2Lamc8jSaqhl2BQSPn/AryDIH2sSbQUyLitLXV0ROmsb+SROnn2cH939JFbsNrnf3mIM3GNRKT7P0ldwLg==",
        "dependencies": {
          "Microsoft.Extensions.DependencyInjection.Abstractions": "9.0.2"
        }
      },
      "Microsoft.Extensions.ObjectPool": {
        "type": "Transitive",
        "resolved": "9.0.2",
        "contentHash": "nWx7uY6lfkmtpyC2dGc0IxtrZZs/LnLCQHw3YYQucbqWj8a27U/dZ+eh72O3ZiolqLzzLkVzoC+w/M8dZwxRTw=="
      },
      "Microsoft.Extensions.Options": {
        "type": "Transitive",
        "resolved": "9.0.2",
        "contentHash": "zr98z+AN8+isdmDmQRuEJ/DAKZGUTHmdv3t0ZzjHvNqvA44nAgkXE9kYtfoN6581iALChhVaSw2Owt+Z2lVbkQ==",
        "dependencies": {
          "Microsoft.Extensions.DependencyInjection.Abstractions": "9.0.2",
          "Microsoft.Extensions.Primitives": "9.0.2"
        }
      },
      "Microsoft.Extensions.Options.ConfigurationExtensions": {
        "type": "Transitive",
        "resolved": "9.0.2",
        "contentHash": "OPm1NXdMg4Kb4Kz+YHdbBQfekh7MqQZ7liZ5dYUd+IbJakinv9Fl7Ck6Strbgs0a6E76UGbP/jHR532K/7/feQ==",
        "dependencies": {
          "Microsoft.Extensions.Configuration.Abstractions": "9.0.2",
          "Microsoft.Extensions.Configuration.Binder": "9.0.2",
          "Microsoft.Extensions.DependencyInjection.Abstractions": "9.0.2",
          "Microsoft.Extensions.Options": "9.0.2",
          "Microsoft.Extensions.Primitives": "9.0.2"
        }
      },
      "Microsoft.Extensions.Primitives": {
        "type": "Transitive",
        "resolved": "9.0.2",
        "contentHash": "puBMtKe/wLuYa7H6docBkLlfec+h8L35DXqsDKKJgW0WY5oCwJ3cBJKcDaZchv6knAyqOMfsl6VUbaR++E5LXA=="
      },
      "System.CommandLine": {
        "type": "Transitive",
        "resolved": "2.0.0-beta4.22272.1",
        "contentHash": "1uqED/q2H0kKoLJ4+hI2iPSBSEdTuhfCYADeJrAqERmiGQ2NNacYKRNEQ+gFbU4glgVyK8rxI+ZOe1onEtr/Pg=="
      },
      "System.IO.Hashing": {
        "type": "Transitive",
        "resolved": "8.0.0",
        "contentHash": "ne1843evDugl0md7Fjzy6QjJrzsjh46ZKbhf8GwBXb5f/gw97J4bxMs0NQKifDuThh/f0bZ0e62NPl1jzTuRqA=="
      },
      "System.IO.Packaging": {
        "type": "Transitive",
        "resolved": "9.0.2",
        "contentHash": "dzRtKmBz7rv9mp/45YSgnRclL7+gbRBxA9qMT5xxsTlhceMnwztuHSZZhoVdKdnw6CwwEJxocPiddnr7f9xK3Q=="
      },
      "System.IO.Pipelines": {
        "type": "Transitive",
        "resolved": "9.0.2",
        "contentHash": "UIBaK7c/A3FyQxmX/747xw4rCUkm1BhNiVU617U5jweNJssNjLJkPUGhBsrlDG0BpKWCYKsncD+Kqpy4KmvZZQ=="
      },
      "System.Reactive": {
        "type": "Transitive",
        "resolved": "6.0.0",
        "contentHash": "31kfaW4ZupZzPsI5PVe77VhnvFF55qgma7KZr/E0iFTs6fmdhhG8j0mgEx620iLTey1EynOkEfnyTjtNEpJzGw=="
      },
      "Yarp.ReverseProxy": {
        "type": "Transitive",
        "resolved": "2.3.0",
        "contentHash": "gxtkN3a+9biu9V9Zd5NaTO6VZWXAnS2mhQ0R/VXmSPoTuiQNZsakKikrKpDtKxrL5nUYzbRsHtl40WNq+ZBKKg==",
        "dependencies": {
          "System.IO.Hashing": "8.0.0"
        }
      },
      "HotChocolate.Execution": {
        "type": "CentralTransitive",
        "requested": "[15.1.12, )",
        "resolved": "15.1.12",
        "contentHash": "mOnM34nQZjD/5VwyOSN8U1e5QkrMu83XXHSUCvToI4us+FPHKdcDRxH74ecgFmL6DbUehlBLBjBJdKOE1JZb+A==",
        "dependencies": {
          "HotChocolate.Abstractions": "15.1.12",
          "HotChocolate.Execution.Abstractions": "15.1.12",
          "HotChocolate.Fetching": "15.1.12",
          "HotChocolate.Types": "15.1.12",
          "HotChocolate.Utilities.DependencyInjection": "15.1.12",
          "HotChocolate.Validation": "15.1.12",
          "Microsoft.Extensions.DependencyInjection": "9.0.2",
          "System.IO.Pipelines": "9.0.2"
        }
      },
      "HotChocolate.Transport.Http": {
        "type": "CentralTransitive",
        "requested": "[15.1.12, )",
        "resolved": "15.1.12",
        "contentHash": "f8O4g1U35vYc8tsQLt/hlpggIibAE2FAzQwdmFpVZiVm81DtMSpqOutZYasTHxwNLXjUr1kbFyHpOFn/pfWw6Q==",
        "dependencies": {
          "HotChocolate.Transport.Abstractions": "15.1.12",
          "HotChocolate.Utilities": "15.1.12",
          "HotChocolate.Utilities.Buffers": "15.1.12",
          "System.IO.Pipelines": "9.0.2"
        }
      }
    }
  }
}